// !$*UTF8*$!
{
	archiveVersion = 1;
	classes = {
	};
	objectVersion = 46;
	objects = {

/* Begin PBXBuildFile section */
		C4254441171E42DF00CBF9D2 /* UIKit.framework in Frameworks */ = {isa = PBXBuildFile; fileRef = C4254440171E42DF00CBF9D2 /* UIKit.framework */; };
		C4254443171E42DF00CBF9D2 /* Foundation.framework in Frameworks */ = {isa = PBXBuildFile; fileRef = C4254442171E42DF00CBF9D2 /* Foundation.framework */; };
		C4254445171E42DF00CBF9D2 /* CoreGraphics.framework in Frameworks */ = {isa = PBXBuildFile; fileRef = C4254444171E42DF00CBF9D2 /* CoreGraphics.framework */; };
		C4254447171E42DF00CBF9D2 /* CoreData.framework in Frameworks */ = {isa = PBXBuildFile; fileRef = C4254446171E42DF00CBF9D2 /* CoreData.framework */; };
		C425444D171E42DF00CBF9D2 /* InfoPlist.strings in Resources */ = {isa = PBXBuildFile; fileRef = C425444B171E42DF00CBF9D2 /* InfoPlist.strings */; };
		C425444F171E42DF00CBF9D2 /* main.m in Sources */ = {isa = PBXBuildFile; fileRef = C425444E171E42DF00CBF9D2 /* main.m */; };
		C4254453171E42DF00CBF9D2 /* AppDelegate.m in Sources */ = {isa = PBXBuildFile; fileRef = C4254452171E42DF00CBF9D2 /* AppDelegate.m */; };
		C4254455171E42DF00CBF9D2 /* Default.png in Resources */ = {isa = PBXBuildFile; fileRef = C4254454171E42DF00CBF9D2 /* Default.png */; };
		C4254457171E42DF00CBF9D2 /* Default@2x.png in Resources */ = {isa = PBXBuildFile; fileRef = C4254456171E42DF00CBF9D2 /* Default@2x.png */; };
		C4254459171E42DF00CBF9D2 /* Default-568h@2x.png in Resources */ = {isa = PBXBuildFile; fileRef = C4254458171E42DF00CBF9D2 /* Default-568h@2x.png */; };
		C425445C171E42DF00CBF9D2 /* CoredataManagement.xcdatamodeld in Sources */ = {isa = PBXBuildFile; fileRef = C425445A171E42DF00CBF9D2 /* CoredataManagement.xcdatamodeld */; };
		C4254468171E430F00CBF9D2 /* EntityManager.m in Sources */ = {isa = PBXBuildFile; fileRef = C4254467171E430F00CBF9D2 /* EntityManager.m */; };
		C4254471171E453100CBF9D2 /* TestViewController.m in Sources */ = {isa = PBXBuildFile; fileRef = C425446F171E453100CBF9D2 /* TestViewController.m */; };
		C4254472171E453100CBF9D2 /* TestViewController.xib in Resources */ = {isa = PBXBuildFile; fileRef = C4254470171E453100CBF9D2 /* TestViewController.xib */; };
		C4254476171E45B000CBF9D2 /* Bill.m in Sources */ = {isa = PBXBuildFile; fileRef = C4254475171E45B000CBF9D2 /* Bill.m */; };
/* End PBXBuildFile section */

/* Begin PBXFileReference section */
		C425443C171E42DF00CBF9D2 /* CoredataManagement.app */ = {isa = PBXFileReference; explicitFileType = wrapper.application; includeInIndex = 0; path = CoredataManagement.app; sourceTree = BUILT_PRODUCTS_DIR; };
		C4254440171E42DF00CBF9D2 /* UIKit.framework */ = {isa = PBXFileReference; lastKnownFileType = wrapper.framework; name = UIKit.framework; path = System/Library/Frameworks/UIKit.framework; sourceTree = SDKROOT; };
		C4254442171E42DF00CBF9D2 /* Foundation.framework */ = {isa = PBXFileReference; lastKnownFileType = wrapper.framework; name = Foundation.framework; path = System/Library/Frameworks/Foundation.framework; sourceTree = SDKROOT; };
		C4254444171E42DF00CBF9D2 /* CoreGraphics.framework */ = {isa = PBXFileReference; lastKnownFileType = wrapper.framework; name = CoreGraphics.framework; path = System/Library/Frameworks/CoreGraphics.framework; sourceTree = SDKROOT; };
		C4254446171E42DF00CBF9D2 /* CoreData.framework */ = {isa = PBXFileReference; lastKnownFileType = wrapper.framework; name = CoreData.framework; path = System/Library/Frameworks/CoreData.framework; sourceTree = SDKROOT; };
		C425444A171E42DF00CBF9D2 /* CoredataManagement-Info.plist */ = {isa = PBXFileReference; lastKnownFileType = text.plist.xml; path = "CoredataManagement-Info.plist"; sourceTree = "<group>"; };
		C425444C171E42DF00CBF9D2 /* en */ = {isa = PBXFileReference; lastKnownFileType = text.plist.strings; name = en; path = en.lproj/InfoPlist.strings; sourceTree = "<group>"; };
		C425444E171E42DF00CBF9D2 /* main.m */ = {isa = PBXFileReference; lastKnownFileType = sourcecode.c.objc; path = main.m; sourceTree = "<group>"; };
		C4254450171E42DF00CBF9D2 /* CoredataManagement-Prefix.pch */ = {isa = PBXFileReference; lastKnownFileType = sourcecode.c.h; path = "CoredataManagement-Prefix.pch"; sourceTree = "<group>"; };
		C4254451171E42DF00CBF9D2 /* AppDelegate.h */ = {isa = PBXFileReference; lastKnownFileType = sourcecode.c.h; path = AppDelegate.h; sourceTree = "<group>"; };
		C4254452171E42DF00CBF9D2 /* AppDelegate.m */ = {isa = PBXFileReference; lastKnownFileType = sourcecode.c.objc; path = AppDelegate.m; sourceTree = "<group>"; };
		C4254454171E42DF00CBF9D2 /* Default.png */ = {isa = PBXFileReference; lastKnownFileType = image.png; path = Default.png; sourceTree = "<group>"; };
		C4254456171E42DF00CBF9D2 /* Default@2x.png */ = {isa = PBXFileReference; lastKnownFileType = image.png; path = "Default@2x.png"; sourceTree = "<group>"; };
		C4254458171E42DF00CBF9D2 /* Default-568h@2x.png */ = {isa = PBXFileReference; lastKnownFileType = image.png; path = "Default-568h@2x.png"; sourceTree = "<group>"; };
		C425445B171E42DF00CBF9D2 /* CoredataManagement.xcdatamodel */ = {isa = PBXFileReference; lastKnownFileType = wrapper.xcdatamodel; path = CoredataManagement.xcdatamodel; sourceTree = "<group>"; };
		C4254466171E430F00CBF9D2 /* EntityManager.h */ = {isa = PBXFileReference; fileEncoding = 4; lastKnownFileType = sourcecode.c.h; path = EntityManager.h; sourceTree = "<group>"; };
		C4254467171E430F00CBF9D2 /* EntityManager.m */ = {isa = PBXFileReference; fileEncoding = 4; lastKnownFileType = sourcecode.c.objc; path = EntityManager.m; sourceTree = "<group>"; };
		C425446E171E453100CBF9D2 /* TestViewController.h */ = {isa = PBXFileReference; fileEncoding = 4; lastKnownFileType = sourcecode.c.h; path = TestViewController.h; sourceTree = "<group>"; };
		C425446F171E453100CBF9D2 /* TestViewController.m */ = {isa = PBXFileReference; fileEncoding = 4; lastKnownFileType = sourcecode.c.objc; path = TestViewController.m; sourceTree = "<group>"; };
		C4254470171E453100CBF9D2 /* TestViewController.xib */ = {isa = PBXFileReference; fileEncoding = 4; lastKnownFileType = file.xib; path = TestViewController.xib; sourceTree = "<group>"; };
		C4254474171E45B000CBF9D2 /* Bill.h */ = {isa = PBXFileReference; fileEncoding = 4; lastKnownFileType = sourcecode.c.h; path = Bill.h; sourceTree = "<group>"; };
		C4254475171E45B000CBF9D2 /* Bill.m */ = {isa = PBXFileReference; fileEncoding = 4; lastKnownFileType = sourcecode.c.objc; path = Bill.m; sourceTree = "<group>"; };
/* End PBXFileReference section */

/* Begin PBXFrameworksBuildPhase section */
		C4254439171E42DF00CBF9D2 /* Frameworks */ = {
			isa = PBXFrameworksBuildPhase;
			buildActionMask = 2147483647;
			files = (
				C4254441171E42DF00CBF9D2 /* UIKit.framework in Frameworks */,
				C4254443171E42DF00CBF9D2 /* Foundation.framework in Frameworks */,
				C4254445171E42DF00CBF9D2 /* CoreGraphics.framework in Frameworks */,
				C4254447171E42DF00CBF9D2 /* CoreData.framework in Frameworks */,
			);
			runOnlyForDeploymentPostprocessing = 0;
		};
/* End PBXFrameworksBuildPhase section */

/* Begin PBXGroup section */
		C4254431171E42DF00CBF9D2 = {
			isa = PBXGroup;
			children = (
				C4254448171E42DF00CBF9D2 /* CoredataManagement */,
				C425443F171E42DF00CBF9D2 /* Frameworks */,
				C425443D171E42DF00CBF9D2 /* Products */,
			);
			sourceTree = "<group>";
		};
		C425443D171E42DF00CBF9D2 /* Products */ = {
			isa = PBXGroup;
			children = (
				C425443C171E42DF00CBF9D2 /* CoredataManagement.app */,
			);
			name = Products;
			sourceTree = "<group>";
		};
		C425443F171E42DF00CBF9D2 /* Frameworks */ = {
			isa = PBXGroup;
			children = (
				C4254440171E42DF00CBF9D2 /* UIKit.framework */,
				C4254442171E42DF00CBF9D2 /* Foundation.framework */,
				C4254444171E42DF00CBF9D2 /* CoreGraphics.framework */,
				C4254446171E42DF00CBF9D2 /* CoreData.framework */,
			);
			name = Frameworks;
			sourceTree = "<group>";
		};
		C4254448171E42DF00CBF9D2 /* CoredataManagement */ = {
			isa = PBXGroup;
			children = (
				C4254466171E430F00CBF9D2 /* EntityManager.h */,
				C4254467171E430F00CBF9D2 /* EntityManager.m */,
				C4254451171E42DF00CBF9D2 /* AppDelegate.h */,
				C4254452171E42DF00CBF9D2 /* AppDelegate.m */,
				C425445A171E42DF00CBF9D2 /* CoredataManagement.xcdatamodeld */,
				C4254474171E45B000CBF9D2 /* Bill.h */,
				C4254475171E45B000CBF9D2 /* Bill.m */,
				C4254449171E42DF00CBF9D2 /* Supporting Files */,
				C425446E171E453100CBF9D2 /* TestViewController.h */,
				C425446F171E453100CBF9D2 /* TestViewController.m */,
				C4254470171E453100CBF9D2 /* TestViewController.xib */,
			);
			path = CoredataManagement;
			sourceTree = "<group>";
		};
		C4254449171E42DF00CBF9D2 /* Supporting Files */ = {
			isa = PBXGroup;
			children = (
				C425444A171E42DF00CBF9D2 /* CoredataManagement-Info.plist */,
				C425444B171E42DF00CBF9D2 /* InfoPlist.strings */,
				C425444E171E42DF00CBF9D2 /* main.m */,
				C4254450171E42DF00CBF9D2 /* CoredataManagement-Prefix.pch */,
				C4254454171E42DF00CBF9D2 /* Default.png */,
				C4254456171E42DF00CBF9D2 /* Default@2x.png */,
				C4254458171E42DF00CBF9D2 /* Default-568h@2x.png */,
			);
			name = "Supporting Files";
			sourceTree = "<group>";
		};
/* End PBXGroup section */

/* Begin PBXNativeTarget section */
		C425443B171E42DF00CBF9D2 /* CoredataManagement */ = {
			isa = PBXNativeTarget;
			buildConfigurationList = C425445F171E42DF00CBF9D2 /* Build configuration list for PBXNativeTarget "CoredataManagement" */;
			buildPhases = (
				C4254438171E42DF00CBF9D2 /* Sources */,
				C4254439171E42DF00CBF9D2 /* Frameworks */,
				C425443A171E42DF00CBF9D2 /* Resources */,
			);
			buildRules = (
			);
			dependencies = (
			);
			name = CoredataManagement;
			productName = CoredataManagement;
			productReference = C425443C171E42DF00CBF9D2 /* CoredataManagement.app */;
			productType = "com.apple.product-type.application";
		};
/* End PBXNativeTarget section */

/* Begin PBXProject section */
		C4254433171E42DF00CBF9D2 /* Project object */ = {
			isa = PBXProject;
			attributes = {
				LastUpgradeCheck = 0450;
				ORGANIZATIONNAME = com.Sinosoft;
			};
			buildConfigurationList = C4254436171E42DF00CBF9D2 /* Build configuration list for PBXProject "CoredataManagement" */;
			compatibilityVersion = "Xcode 3.2";
			developmentRegion = English;
			hasScannedForEncodings = 0;
			knownRegions = (
				en,
			);
			mainGroup = C4254431171E42DF00CBF9D2;
			productRefGroup = C425443D171E42DF00CBF9D2 /* Products */;
			projectDirPath = "";
			projectRoot = "";
			targets = (
				C425443B171E42DF00CBF9D2 /* CoredataManagement */,
			);
		};
/* End PBXProject section */

/* Begin PBXResourcesBuildPhase section */
		C425443A171E42DF00CBF9D2 /* Resources */ = {
			isa = PBXResourcesBuildPhase;
			buildActionMask = 2147483647;
			files = (
				C425444D171E42DF00CBF9D2 /* InfoPlist.strings in Resources */,
				C4254455171E42DF00CBF9D2 /* Default.png in Resources */,
				C4254457171E42DF00CBF9D2 /* Default@2x.png in Resources */,
				C4254459171E42DF00CBF9D2 /* Default-568h@2x.png in Resources */,
				C4254472171E453100CBF9D2 /* TestViewController.xib in Resources */,
			);
			runOnlyForDeploymentPostprocessing = 0;
		};
/* End PBXResourcesBuildPhase section */

/* Begin PBXSourcesBuildPhase section */
		C4254438171E42DF00CBF9D2 /* Sources */ = {
			isa = PBXSourcesBuildPhase;
			buildActionMask = 2147483647;
			files = (
				C425444F171E42DF00CBF9D2 /* main.m in Sources */,
				C4254453171E42DF00CBF9D2 /* AppDelegate.m in Sources */,
				C425445C171E42DF00CBF9D2 /* CoredataManagement.xcdatamodeld in Sources */,
				C4254468171E430F00CBF9D2 /* EntityManager.m in Sources */,
				C4254471171E453100CBF9D2 /* TestViewController.m in Sources */,
				C4254476171E45B000CBF9D2 /* Bill.m in Sources */,
			);
			runOnlyForDeploymentPostprocessing = 0;
		};
/* End PBXSourcesBuildPhase section */

/* Begin PBXVariantGroup section */
		C425444B171E42DF00CBF9D2 /* InfoPlist.strings */ = {
			isa = PBXVariantGroup;
			children = (
				C425444C171E42DF00CBF9D2 /* en */,
			);
			name = InfoPlist.strings;
			sourceTree = "<group>";
		};
/* End PBXVariantGroup section */

/* Begin XCBuildConfiguration section */
		C425445D171E42DF00CBF9D2 /* Debug */ = {
			isa = XCBuildConfiguration;
			buildSettings = {
				ALWAYS_SEARCH_USER_PATHS = NO;
				CLANG_CXX_LANGUAGE_STANDARD = "gnu++0x";
				CLANG_CXX_LIBRARY = "libc++";
				CLANG_WARN_EMPTY_BODY = YES;
				CLANG_WARN__DUPLICATE_METHOD_MATCH = YES;
				"CODE_SIGN_IDENTITY[sdk=iphoneos*]" = "iPhone Developer";
				COPY_PHASE_STRIP = NO;
				GCC_C_LANGUAGE_STANDARD = gnu99;
				GCC_DYNAMIC_NO_PIC = NO;
				GCC_OPTIMIZATION_LEVEL = 0;
				GCC_PREPROCESSOR_DEFINITIONS = (
					"DEBUG=1",
					"$(inherited)",
				);
				GCC_SYMBOLS_PRIVATE_EXTERN = NO;
				GCC_WARN_ABOUT_RETURN_TYPE = YES;
				GCC_WARN_UNINITIALIZED_AUTOS = YES;
				GCC_WARN_UNUSED_VARIABLE = YES;
				IPHONEOS_DEPLOYMENT_TARGET = 6.0;
				ONLY_ACTIVE_ARCH = YES;
				SDKROOT = iphoneos;
			};
			name = Debug;
		};
		C425445E171E42DF00CBF9D2 /* Release */ = {
			isa = XCBuildConfiguration;
			buildSettings = {
				ALWAYS_SEARCH_USER_PATHS = NO;
				CLANG_CXX_LANGUAGE_STANDARD = "gnu++0x";
				CLANG_CXX_LIBRARY = "libc++";
				CLANG_WARN_EMPTY_BODY = YES;
				CLANG_WARN__DUPLICATE_METHOD_MATCH = YES;
				"CODE_SIGN_IDENTITY[sdk=iphoneos*]" = "iPhone Developer";
				COPY_PHASE_STRIP = YES;
				GCC_C_LANGUAGE_STANDARD = gnu99;
				GCC_WARN_ABOUT_RETURN_TYPE = YES;
				GCC_WARN_UNINITIALIZED_AUTOS = YES;
				GCC_WARN_UNUSED_VARIABLE = YES;
				IPHONEOS_DEPLOYMENT_TARGET = 6.0;
				OTHER_CFLAGS = "-DNS_BLOCK_ASSERTIONS=1";
				SDKROOT = iphoneos;
				VALIDATE_PRODUCT = YES;
			};
			name = Release;
		};
		C4254460171E42DF00CBF9D2 /* Debug */ = {
			isa = XCBuildConfiguration;
			buildSettings = {
				GCC_PRECOMPILE_PREFIX_HEADER = YES;
				GCC_PREFIX_HEADER = "CoredataManagement/CoredataManagement-Prefix.pch";
				INFOPLIST_FILE = "CoredataManagement/CoredataManagement-Info.plist";
				PRODUCT_NAME = "$(TARGET_NAME)";
				WRAPPER_EXTENSION = app;
			};
			name = Debug;
		};
		C4254461171E42DF00CBF9D2 /* Release */ = {
			isa = XCBuildConfiguration;
			buildSettings = {
				GCC_PRECOMPILE_PREFIX_HEADER = YES;
				GCC_PREFIX_HEADER = "CoredataManagement/CoredataManagement-Prefix.pch";
				INFOPLIST_FILE = "CoredataManagement/CoredataManagement-Info.plist";
				PRODUCT_NAME = "$(TARGET_NAME)";
				WRAPPER_EXTENSION = app;
			};
			name = Release;
		};
/* End XCBuildConfiguration section */

/* Begin XCConfigurationList section */
		C4254436171E42DF00CBF9D2 /* Build configuration list for PBXProject "CoredataManagement" */ = {
			isa = XCConfigurationList;
			buildConfigurations = (
				C425445D171E42DF00CBF9D2 /* Debug */,
				C425445E171E42DF00CBF9D2 /* Release */,
			);
			defaultConfigurationIsVisible = 0;
			defaultConfigurationName = Release;
		};
		C425445F171E42DF00CBF9D2 /* Build configuration list for PBXNativeTarget "CoredataManagement" */ = {
			isa = XCConfigurationList;
			buildConfigurations = (
				C4254460171E42DF00CBF9D2 /* Debug */,
				C4254461171E42DF00CBF9D2 /* Release */,
			);
			defaultConfigurationIsVisible = 0;
			defaultConfigurationName = Release;
		};
/* End XCConfigurationList section */

/* Begin XCVersionGroup section */
		C425445A171E42DF00CBF9D2 /* CoredataManagement.xcdatamodeld */ = {
			isa = XCVersionGroup;
			children = (
				C425445B171E42DF00CBF9D2 /* CoredataManagement.xcdatamodel */,
			);
			currentVersion = C425445B171E42DF00CBF9D2 /* CoredataManagement.xcdatamodel */;
			path = CoredataManagement.xcdatamodeld;
			sourceTree = "<group>";
			versionGroupType = wrapper.xcdatamodel;
		};
/* End XCVersionGroup section */
	};
	rootObject = C4254433171E42DF00CBF9D2 /* Project object */;
}
